// !$*UTF8*$!
{
	archiveVersion = 1;
	classes = {
	};
	objectVersion = 46;
	objects = {

/* Begin PBXBuildFile section */
		347C84F91A395B570008AE55 /* AppDelegate.swift in Sources */ = {isa = PBXBuildFile; fileRef = 347C84F81A395B570008AE55 /* AppDelegate.swift */; };
		347C84FB1A395B570008AE55 /* ViewController.swift in Sources */ = {isa = PBXBuildFile; fileRef = 347C84FA1A395B570008AE55 /* ViewController.swift */; };
		347C84FE1A395B570008AE55 /* Main.storyboard in Resources */ = {isa = PBXBuildFile; fileRef = 347C84FC1A395B570008AE55 /* Main.storyboard */; };
		347C85001A395B570008AE55 /* Images.xcassets in Resources */ = {isa = PBXBuildFile; fileRef = 347C84FF1A395B570008AE55 /* Images.xcassets */; };
		347C85031A395B570008AE55 /* LaunchScreen.xib in Resources */ = {isa = PBXBuildFile; fileRef = 347C85011A395B570008AE55 /* LaunchScreen.xib */; };
		347C850F1A395B570008AE55 /* CCActivityIndicatorViewTests.swift in Sources */ = {isa = PBXBuildFile; fileRef = 347C850E1A395B570008AE55 /* CCActivityIndicatorViewTests.swift */; };
		347C851A1A395B7F0008AE55 /* CCActivityIndicatorView.swift in Sources */ = {isa = PBXBuildFile; fileRef = 347C85191A395B7F0008AE55 /* CCActivityIndicatorView.swift */; };
/* End PBXBuildFile section */

/* Begin PBXContainerItemProxy section */
		347C85091A395B570008AE55 /* PBXContainerItemProxy */ = {
			isa = PBXContainerItemProxy;
			containerPortal = 347C84EB1A395B570008AE55 /* Project object */;
			proxyType = 1;
			remoteGlobalIDString = 347C84F21A395B570008AE55;
			remoteInfo = CCActivityIndicatorView;
		};
/* End PBXContainerItemProxy section */

/* Begin PBXFileReference section */
		347C84F31A395B570008AE55 /* CCActivityIndicatorView.app */ = {isa = PBXFileReference; explicitFileType = wrapper.application; includeInIndex = 0; path = CCActivityIndicatorView.app; sourceTree = BUILT_PRODUCTS_DIR; };
		347C84F71A395B570008AE55 /* Info.plist */ = {isa = PBXFileReference; lastKnownFileType = text.plist.xml; path = Info.plist; sourceTree = "<group>"; };
		347C84F81A395B570008AE55 /* AppDelegate.swift */ = {isa = PBXFileReference; lastKnownFileType = sourcecode.swift; path = AppDelegate.swift; sourceTree = "<group>"; };
		347C84FA1A395B570008AE55 /* ViewController.swift */ = {isa = PBXFileReference; lastKnownFileType = sourcecode.swift; path = ViewController.swift; sourceTree = "<group>"; };
		347C84FD1A395B570008AE55 /* Base */ = {isa = PBXFileReference; lastKnownFileType = file.storyboard; name = Base; path = Base.lproj/Main.storyboard; sourceTree = "<group>"; };
		347C84FF1A395B570008AE55 /* Images.xcassets */ = {isa = PBXFileReference; lastKnownFileType = folder.assetcatalog; path = Images.xcassets; sourceTree = "<group>"; };
		347C85021A395B570008AE55 /* Base */ = {isa = PBXFileReference; lastKnownFileType = file.xib; name = Base; path = Base.lproj/LaunchScreen.xib; sourceTree = "<group>"; };
		347C85081A395B570008AE55 /* CCActivityIndicatorViewTests.xctest */ = {isa = PBXFileReference; explicitFileType = wrapper.cfbundle; includeInIndex = 0; path = CCActivityIndicatorViewTests.xctest; sourceTree = BUILT_PRODUCTS_DIR; };
		347C850D1A395B570008AE55 /* Info.plist */ = {isa = PBXFileReference; lastKnownFileType = text.plist.xml; path = Info.plist; sourceTree = "<group>"; };
		347C850E1A395B570008AE55 /* CCActivityIndicatorViewTests.swift */ = {isa = PBXFileReference; lastKnownFileType = sourcecode.swift; path = CCActivityIndicatorViewTests.swift; sourceTree = "<group>"; };
		347C85191A395B7F0008AE55 /* CCActivityIndicatorView.swift */ = {isa = PBXFileReference; fileEncoding = 4; lastKnownFileType = sourcecode.swift; path = CCActivityIndicatorView.swift; sourceTree = "<group>"; };
/* End PBXFileReference section */

/* Begin PBXFrameworksBuildPhase section */
		347C84F01A395B570008AE55 /* Frameworks */ = {
			isa = PBXFrameworksBuildPhase;
			buildActionMask = 2147483647;
			files = (
			);
			runOnlyForDeploymentPostprocessing = 0;
		};
		347C85051A395B570008AE55 /* Frameworks */ = {
			isa = PBXFrameworksBuildPhase;
			buildActionMask = 2147483647;
			files = (
			);
			runOnlyForDeploymentPostprocessing = 0;
		};
/* End PBXFrameworksBuildPhase section */

/* Begin PBXGroup section */
		347C84EA1A395B570008AE55 = {
			isa = PBXGroup;
			children = (
				347C84F51A395B570008AE55 /* CCActivityIndicatorView */,
				347C850B1A395B570008AE55 /* CCActivityIndicatorViewTests */,
				347C84F41A395B570008AE55 /* Products */,
			);
			sourceTree = "<group>";
		};
		347C84F41A395B570008AE55 /* Products */ = {
			isa = PBXGroup;
			children = (
				347C84F31A395B570008AE55 /* CCActivityIndicatorView.app */,
				347C85081A395B570008AE55 /* CCActivityIndicatorViewTests.xctest */,
			);
			name = Products;
			sourceTree = "<group>";
		};
		347C84F51A395B570008AE55 /* CCActivityIndicatorView */ = {
			isa = PBXGroup;
			children = (
				347C85191A395B7F0008AE55 /* CCActivityIndicatorView.swift */,
				347C84F81A395B570008AE55 /* AppDelegate.swift */,
				347C84FA1A395B570008AE55 /* ViewController.swift */,
				347C84FC1A395B570008AE55 /* Main.storyboard */,
				347C84FF1A395B570008AE55 /* Images.xcassets */,
				347C85011A395B570008AE55 /* LaunchScreen.xib */,
				347C84F61A395B570008AE55 /* Supporting Files */,
			);
			path = CCActivityIndicatorView;
			sourceTree = "<group>";
		};
		347C84F61A395B570008AE55 /* Supporting Files */ = {
			isa = PBXGroup;
			children = (
				347C84F71A395B570008AE55 /* Info.plist */,
			);
			name = "Supporting Files";
			sourceTree = "<group>";
		};
		347C850B1A395B570008AE55 /* CCActivityIndicatorViewTests */ = {
			isa = PBXGroup;
			children = (
				347C850E1A395B570008AE55 /* CCActivityIndicatorViewTests.swift */,
				347C850C1A395B570008AE55 /* Supporting Files */,
			);
			path = CCActivityIndicatorViewTests;
			sourceTree = "<group>";
		};
		347C850C1A395B570008AE55 /* Supporting Files */ = {
			isa = PBXGroup;
			children = (
				347C850D1A395B570008AE55 /* Info.plist */,
			);
			name = "Supporting Files";
			sourceTree = "<group>";
		};
/* End PBXGroup section */

/* Begin PBXNativeTarget section */
		347C84F21A395B570008AE55 /* CCActivityIndicatorView */ = {
			isa = PBXNativeTarget;
			buildConfigurationList = 347C85121A395B570008AE55 /* Build configuration list for PBXNativeTarget "CCActivityIndicatorView" */;
			buildPhases = (
				347C84EF1A395B570008AE55 /* Sources */,
				347C84F01A395B570008AE55 /* Frameworks */,
				347C84F11A395B570008AE55 /* Resources */,
			);
			buildRules = (
			);
			dependencies = (
			);
			name = CCActivityIndicatorView;
			productName = CCActivityIndicatorView;
			productReference = 347C84F31A395B570008AE55 /* CCActivityIndicatorView.app */;
			productType = "com.apple.product-type.application";
		};
		347C85071A395B570008AE55 /* CCActivityIndicatorViewTests */ = {
			isa = PBXNativeTarget;
			buildConfigurationList = 347C85151A395B570008AE55 /* Build configuration list for PBXNativeTarget "CCActivityIndicatorViewTests" */;
			buildPhases = (
				347C85041A395B570008AE55 /* Sources */,
				347C85051A395B570008AE55 /* Frameworks */,
				347C85061A395B570008AE55 /* Resources */,
			);
			buildRules = (
			);
			dependencies = (
				347C850A1A395B570008AE55 /* PBXTargetDependency */,
			);
			name = CCActivityIndicatorViewTests;
			productName = CCActivityIndicatorViewTests;
			productReference = 347C85081A395B570008AE55 /* CCActivityIndicatorViewTests.xctest */;
			productType = "com.apple.product-type.bundle.unit-test";
		};
/* End PBXNativeTarget section */

/* Begin PBXProject section */
		347C84EB1A395B570008AE55 /* Project object */ = {
			isa = PBXProject;
			attributes = {
				LastUpgradeCheck = 0610;
				ORGANIZATIONNAME = "Chun Tips";
				TargetAttributes = {
					347C84F21A395B570008AE55 = {
						CreatedOnToolsVersion = 6.1.1;
					};
					347C85071A395B570008AE55 = {
						CreatedOnToolsVersion = 6.1.1;
						TestTargetID = 347C84F21A395B570008AE55;
					};
				};
			};
			buildConfigurationList = 347C84EE1A395B570008AE55 /* Build configuration list for PBXProject "CCActivityIndicatorView" */;
			compatibilityVersion = "Xcode 3.2";
			developmentRegion = English;
			hasScannedForEncodings = 0;
			knownRegions = (
				en,
				Base,
			);
			mainGroup = 347C84EA1A395B570008AE55;
			productRefGroup = 347C84F41A395B570008AE55 /* Products */;
			projectDirPath = "";
			projectRoot = "";
			targets = (
				347C84F21A395B570008AE55 /* CCActivityIndicatorView */,
				347C85071A395B570008AE55 /* CCActivityIndicatorViewTests */,
			);
		};
/* End PBXProject section */

/* Begin PBXResourcesBuildPhase section */
		347C84F11A395B570008AE55 /* Resources */ = {
			isa = PBXResourcesBuildPhase;
			buildActionMask = 2147483647;
			files = (
				347C84FE1A395B570008AE55 /* Main.storyboard in Resources */,
				347C85031A395B570008AE55 /* LaunchScreen.xib in Resources */,
				347C85001A395B570008AE55 /* Images.xcassets in Resources */,
			);
			runOnlyForDeploymentPostprocessing = 0;
		};
		347C85061A395B570008AE55 /* Resources */ = {
			isa = PBXResourcesBuildPhase;
			buildActionMask = 2147483647;
			files = (
			);
			runOnlyForDeploymentPostprocessing = 0;
		};
/* End PBXResourcesBuildPhase section */

/* Begin PBXSourcesBuildPhase section */
		347C84EF1A395B570008AE55 /* Sources */ = {
			isa = PBXSourcesBuildPhase;
			buildActionMask = 2147483647;
			files = (
				347C851A1A395B7F0008AE55 /* CCActivityIndicatorView.swift in Sources */,
				347C84FB1A395B570008AE55 /* ViewController.swift in Sources */,
				347C84F91A395B570008AE55 /* AppDelegate.swift in Sources */,
			);
			runOnlyForDeploymentPostprocessing = 0;
		};
		347C85041A395B570008AE55 /* Sources */ = {
			isa = PBXSourcesBuildPhase;
			buildActionMask = 2147483647;
			files = (
				347C850F1A395B570008AE55 /* CCActivityIndicatorViewTests.swift in Sources */,
			);
			runOnlyForDeploymentPostprocessing = 0;
		};
/* End PBXSourcesBuildPhase section */

/* Begin PBXTargetDependency section */
		347C850A1A395B570008AE55 /* PBXTargetDependency */ = {
			isa = PBXTargetDependency;
			target = 347C84F21A395B570008AE55 /* CCActivityIndicatorView */;
			targetProxy = 347C85091A395B570008AE55 /* PBXContainerItemProxy */;
		};
/* End PBXTargetDependency section */

/* Begin PBXVariantGroup section */
		347C84FC1A395B570008AE55 /* Main.storyboard */ = {
			isa = PBXVariantGroup;
			children = (
				347C84FD1A395B570008AE55 /* Base */,
			);
			name = Main.storyboard;
			sourceTree = "<group>";
		};
		347C85011A395B570008AE55 /* LaunchScreen.xib */ = {
			isa = PBXVariantGroup;
			children = (
				347C85021A395B570008AE55 /* Base */,
			);
			name = LaunchScreen.xib;
			sourceTree = "<group>";
		};
/* End PBXVariantGroup section */

/* Begin XCBuildConfiguration section */
		347C85101A395B570008AE55 /* Debug */ = {
			isa = XCBuildConfiguration;
			buildSettings = {
				ALWAYS_SEARCH_USER_PATHS = NO;
				CLANG_CXX_LANGUAGE_STANDARD = "gnu++0x";
				CLANG_CXX_LIBRARY = "libc++";
				CLANG_ENABLE_MODULES = YES;
				CLANG_ENABLE_OBJC_ARC = YES;
				CLANG_WARN_BOOL_CONVERSION = YES;
				CLANG_WARN_CONSTANT_CONVERSION = YES;
				CLANG_WARN_DIRECT_OBJC_ISA_USAGE = YES_ERROR;
				CLANG_WARN_EMPTY_BODY = YES;
				CLANG_WARN_ENUM_CONVERSION = YES;
				CLANG_WARN_INT_CONVERSION = YES;
				CLANG_WARN_OBJC_ROOT_CLASS = YES_ERROR;
				CLANG_WARN_UNREACHABLE_CODE = YES;
				CLANG_WARN__DUPLICATE_METHOD_MATCH = YES;
				"CODE_SIGN_IDENTITY[sdk=iphoneos*]" = "iPhone Developer";
				COPY_PHASE_STRIP = NO;
				ENABLE_STRICT_OBJC_MSGSEND = YES;
				GCC_C_LANGUAGE_STANDARD = gnu99;
				GCC_DYNAMIC_NO_PIC = NO;
				GCC_OPTIMIZATION_LEVEL = 0;
				GCC_PREPROCESSOR_DEFINITIONS = (
					"DEBUG=1",
					"$(inherited)",
				);
				GCC_SYMBOLS_PRIVATE_EXTERN = NO;
				GCC_WARN_64_TO_32_BIT_CONVERSION = YES;
				GCC_WARN_ABOUT_RETURN_TYPE = YES_ERROR;
				GCC_WARN_UNDECLARED_SELECTOR = YES;
				GCC_WARN_UNINITIALIZED_AUTOS = YES_AGGRESSIVE;
				GCC_WARN_UNUSED_FUNCTION = YES;
				GCC_WARN_UNUSED_VARIABLE = YES;
				IPHONEOS_DEPLOYMENT_TARGET = 8.1;
				MTL_ENABLE_DEBUG_INFO = YES;
				ONLY_ACTIVE_ARCH = YES;
				SDKROOT = iphoneos;
				SWIFT_OPTIMIZATION_LEVEL = "-Onone";
			};
			name = Debug;
		};
		347C85111A395B570008AE55 /* Release */ = {
			isa = XCBuildConfiguration;
			buildSettings = {
				ALWAYS_SEARCH_USER_PATHS = NO;
				CLANG_CXX_LANGUAGE_STANDARD = "gnu++0x";
				CLANG_CXX_LIBRARY = "libc++";
				CLANG_ENABLE_MODULES = YES;
				CLANG_ENABLE_OBJC_ARC = YES;
				CLANG_WARN_BOOL_CONVERSION = YES;
				CLANG_WARN_CONSTANT_CONVERSION = YES;
				CLANG_WARN_DIRECT_OBJC_ISA_USAGE = YES_ERROR;
				CLANG_WARN_EMPTY_BODY = YES;
				CLANG_WARN_ENUM_CONVERSION = YES;
				CLANG_WARN_INT_CONVERSION = YES;
				CLANG_WARN_OBJC_ROOT_CLASS = YES_ERROR;
				CLANG_WARN_UNREACHABLE_CODE = YES;
				CLANG_WARN__DUPLICATE_METHOD_MATCH = YES;
				"CODE_SIGN_IDENTITY[sdk=iphoneos*]" = "iPhone Developer";
				COPY_PHASE_STRIP = YES;
				ENABLE_NS_ASSERTIONS = NO;
				ENABLE_STRICT_OBJC_MSGSEND = YES;
				GCC_C_LANGUAGE_STANDARD = gnu99;
				GCC_WARN_64_TO_32_BIT_CONVERSION = YES;
				GCC_WARN_ABOUT_RETURN_TYPE = YES_ERROR;
				GCC_WARN_UNDECLARED_SELECTOR = YES;
				GCC_WARN_UNINITIALIZED_AUTOS = YES_AGGRESSIVE;
				GCC_WARN_UNUSED_FUNCTION = YES;
				GCC_WARN_UNUSED_VARIABLE = YES;
				IPHONEOS_DEPLOYMENT_TARGET = 8.1;
				MTL_ENABLE_DEBUG_INFO = NO;
				SDKROOT = iphoneos;
				VALIDATE_PRODUCT = YES;
			};
			name = Release;
		};
		347C85131A395B570008AE55 /* Debug */ = {
			isa = XCBuildConfiguration;
			buildSettings = {
				ASSETCATALOG_COMPILER_APPICON_NAME = AppIcon;
				INFOPLIST_FILE = CCActivityIndicatorView/Info.plist;
				LD_RUNPATH_SEARCH_PATHS = "$(inherited) @executable_path/Frameworks";
				PRODUCT_NAME = "$(TARGET_NAME)";
			};
			name = Debug;
		};
		347C85141A395B570008AE55 /* Release */ = {
			isa = XCBuildConfiguration;
			buildSettings = {
				ASSETCATALOG_COMPILER_APPICON_NAME = AppIcon;
				INFOPLIST_FILE = CCActivityIndicatorView/Info.plist;
				LD_RUNPATH_SEARCH_PATHS = "$(inherited) @executable_path/Frameworks";
				PRODUCT_NAME = "$(TARGET_NAME)";
			};
			name = Release;
		};
		347C85161A395B570008AE55 /* Debug */ = {
			isa = XCBuildConfiguration;
			buildSettings = {
				BUNDLE_LOADER = "$(TEST_HOST)";
				FRAMEWORK_SEARCH_PATHS = (
					"$(SDKROOT)/Developer/Library/Frameworks",
					"$(inherited)",
				);
				GCC_PREPROCESSOR_DEFINITIONS = (
					"DEBUG=1",
					"$(inherited)",
				);
				INFOPLIST_FILE = CCActivityIndicatorViewTests/Info.plist;
				LD_RUNPATH_SEARCH_PATHS = "$(inherited) @executable_path/Frameworks @loader_path/Frameworks";
				PRODUCT_NAME = "$(TARGET_NAME)";
				TEST_HOST = "$(BUILT_PRODUCTS_DIR)/CCActivityIndicatorView.app/CCActivityIndicatorView";
			};
			name = Debug;
		};
		347C85171A395B570008AE55 /* Release */ = {
			isa = XCBuildConfiguration;
			buildSettings = {
				BUNDLE_LOADER = "$(TEST_HOST)";
				FRAMEWORK_SEARCH_PATHS = (
					"$(SDKROOT)/Developer/Library/Frameworks",
					"$(inherited)",
				);
				INFOPLIST_FILE = CCActivityIndicatorViewTests/Info.plist;
				LD_RUNPATH_SEARCH_PATHS = "$(inherited) @executable_path/Frameworks @loader_path/Frameworks";
				PRODUCT_NAME = "$(TARGET_NAME)";
				TEST_HOST = "$(BUILT_PRODUCTS_DIR)/CCActivityIndicatorView.app/CCActivityIndicatorView";
			};
			name = Release;
		};
/* End XCBuildConfiguration section */

/* Begin XCConfigurationList section */
		347C84EE1A395B570008AE55 /* Build configuration list for PBXProject "CCActivityIndicatorView" */ = {
			isa = XCConfigurationList;
			buildConfigurations = (
				347C85101A395B570008AE55 /* Debug */,
				347C85111A395B570008AE55 /* Release */,
			);
			defaultConfigurationIsVisible = 0;
			defaultConfigurationName = Release;
		};
		347C85121A395B570008AE55 /* Build configuration list for PBXNativeTarget "CCActivityIndicatorView" */ = {
			isa = XCConfigurationList;
			buildConfigurations = (
				347C85131A395B570008AE55 /* Debug */,
				347C85141A395B570008AE55 /* Release */,
			);
			defaultConfigurationIsVisible = 0;
		};
		347C85151A395B570008AE55 /* Build configuration list for PBXNativeTarget "CCActivityIndicatorViewTests" */ = {
			isa = XCConfigurationList;
			buildConfigurations = (
				347C85161A395B570008AE55 /* Debug */,
				347C85171A395B570008AE55 /* Release */,
			);
			defaultConfigurationIsVisible = 0;
		};
/* End XCConfigurationList section */
	};
	rootObject = 347C84EB1A395B570008AE55 /* Project object */;
}
